
Microsoft Visual Studio Solution File, Format Version 12.00
# Visual Studio Version 17
VisualStudioVersion = 17.9.34728.123
MinimumVisualStudioVersion = 10.0.40219.1
Project("{FAE04EC0-301F-11D3-BF4B-00C04F79EFBC}") = "AzureBinaryImages", "AzureBinaryImages\AzureBinaryImages.csproj", "{9F83D022-EEBA-44F2-BBD4-DD791B1A3B5F}"
EndProject
Global
	GlobalSection(SolutionConfigurationPlatforms) = preSolution
		Debug|Any CPU = Debug|Any CPU
		Release|Any CPU = Release|Any CPU
	EndGlobalSection
	GlobalSection(ProjectConfigurationPlatforms) = postSolution
		{9F83D022-EEBA-44F2-BBD4-DD791B1A3B5F}.Debug|Any CPU.ActiveCfg = Debug|Any CPU
		{9F83D022-EEBA-44F2-BBD4-DD791B1A3B5F}.Debug|Any CPU.Build.0 = Debug|Any CPU
		{9F83D022-EEBA-44F2-BBD4-DD791B1A3B5F}.Release|Any CPU.ActiveCfg = Release|Any CPU
		{9F83D022-EEBA-44F2-BBD4-DD791B1A3B5F}.Release|Any CPU.Build.0 = Release|Any CPU
	EndGlobalSection
	GlobalSection(SolutionProperties) = preSolution
		HideSolutionNode = FALSE
	EndGlobalSection
	GlobalSection(ExtensibilityGlobals) = postSolution
		SolutionGuid = {963281F0-EDED-42D6-AAAA-E759DD5F8776}
	EndGlobalSection
EndGlobal
